
Microsoft Visual Studio Solution File, Format Version 12.00
# Visual Studio 15
VisualStudioVersion = 15.0.26228.4
MinimumVisualStudioVersion = 10.0.40219.1
Project("{FAE04EC0-301F-11D3-BF4B-00C04F79EFBC}") = "Jqpress.Web", "Jqpress.Web\Jqpress.Web.csproj", "{3E0BB87C-6E43-431A-94D4-3883EC5BCBD5}"
EndProject
Project("{FAE04EC0-301F-11D3-BF4B-00C04F79EFBC}") = "Jqpress.Framework", "Jqpress.Framework\Jqpress.Framework.csproj", "{24EF6952-D3FD-4C8B-B8FF-5D5E783F68A0}"
EndProject
Project("{FAE04EC0-301F-11D3-BF4B-00C04F79EFBC}") = "Jqpress.Core", "Jqpress.Core\Jqpress.Core.csproj", "{28A3A37D-886F-45DA-B8A7-6272FFCFFC6A}"
EndProject
Global
	GlobalSection(SolutionConfigurationPlatforms) = preSolution
		Debug|Any CPU = Debug|Any CPU
		Debug|Mixed Platforms = Debug|Mixed Platforms
		Debug|x86 = Debug|x86
		Release|Any CPU = Release|Any CPU
		Release|Mixed Platforms = Release|Mixed Platforms
		Release|x86 = Release|x86
	EndGlobalSection
	GlobalSection(ProjectConfigurationPlatforms) = postSolution
		{3E0BB87C-6E43-431A-94D4-3883EC5BCBD5}.Debug|Any CPU.ActiveCfg = Release|Any CPU
		{3E0BB87C-6E43-431A-94D4-3883EC5BCBD5}.Debug|Any CPU.Build.0 = Release|Any CPU
		{3E0BB87C-6E43-431A-94D4-3883EC5BCBD5}.Debug|Mixed Platforms.ActiveCfg = Debug|Any CPU
		{3E0BB87C-6E43-431A-94D4-3883EC5BCBD5}.Debug|Mixed Platforms.Build.0 = Debug|Any CPU
		{3E0BB87C-6E43-431A-94D4-3883EC5BCBD5}.Debug|x86.ActiveCfg = Debug|Any CPU
		{3E0BB87C-6E43-431A-94D4-3883EC5BCBD5}.Release|Any CPU.ActiveCfg = Release|Any CPU
		{3E0BB87C-6E43-431A-94D4-3883EC5BCBD5}.Release|Any CPU.Build.0 = Release|Any CPU
		{3E0BB87C-6E43-431A-94D4-3883EC5BCBD5}.Release|Mixed Platforms.ActiveCfg = Release|Any CPU
		{3E0BB87C-6E43-431A-94D4-3883EC5BCBD5}.Release|Mixed Platforms.Build.0 = Release|Any CPU
		{3E0BB87C-6E43-431A-94D4-3883EC5BCBD5}.Release|x86.ActiveCfg = Release|Any CPU
		{24EF6952-D3FD-4C8B-B8FF-5D5E783F68A0}.Debug|Any CPU.ActiveCfg = Release|Any CPU
		{24EF6952-D3FD-4C8B-B8FF-5D5E783F68A0}.Debug|Any CPU.Build.0 = Release|Any CPU
		{24EF6952-D3FD-4C8B-B8FF-5D5E783F68A0}.Debug|Mixed Platforms.ActiveCfg = Debug|Any CPU
		{24EF6952-D3FD-4C8B-B8FF-5D5E783F68A0}.Debug|Mixed Platforms.Build.0 = Debug|Any CPU
		{24EF6952-D3FD-4C8B-B8FF-5D5E783F68A0}.Debug|x86.ActiveCfg = Debug|Any CPU
		{24EF6952-D3FD-4C8B-B8FF-5D5E783F68A0}.Release|Any CPU.ActiveCfg = Release|Any CPU
		{24EF6952-D3FD-4C8B-B8FF-5D5E783F68A0}.Release|Any CPU.Build.0 = Release|Any CPU
		{24EF6952-D3FD-4C8B-B8FF-5D5E783F68A0}.Release|Mixed Platforms.ActiveCfg = Release|Any CPU
		{24EF6952-D3FD-4C8B-B8FF-5D5E783F68A0}.Release|Mixed Platforms.Build.0 = Release|Any CPU
		{24EF6952-D3FD-4C8B-B8FF-5D5E783F68A0}.Release|x86.ActiveCfg = Release|Any CPU
		{28A3A37D-886F-45DA-B8A7-6272FFCFFC6A}.Debug|Any CPU.ActiveCfg = Release|Any CPU
		{28A3A37D-886F-45DA-B8A7-6272FFCFFC6A}.Debug|Any CPU.Build.0 = Release|Any CPU
		{28A3A37D-886F-45DA-B8A7-6272FFCFFC6A}.Debug|Mixed Platforms.ActiveCfg = Debug|Any CPU
		{28A3A37D-886F-45DA-B8A7-6272FFCFFC6A}.Debug|Mixed Platforms.Build.0 = Debug|Any CPU
		{28A3A37D-886F-45DA-B8A7-6272FFCFFC6A}.Debug|x86.ActiveCfg = Debug|Any CPU
		{28A3A37D-886F-45DA-B8A7-6272FFCFFC6A}.Release|Any CPU.ActiveCfg = Release|Any CPU
		{28A3A37D-886F-45DA-B8A7-6272FFCFFC6A}.Release|Any CPU.Build.0 = Release|Any CPU
		{28A3A37D-886F-45DA-B8A7-6272FFCFFC6A}.Release|Mixed Platforms.ActiveCfg = Release|Any CPU
		{28A3A37D-886F-45DA-B8A7-6272FFCFFC6A}.Release|Mixed Platforms.Build.0 = Release|Any CPU
		{28A3A37D-886F-45DA-B8A7-6272FFCFFC6A}.Release|x86.ActiveCfg = Release|Any CPU
	EndGlobalSection
	GlobalSection(SolutionProperties) = preSolution
		HideSolutionNode = FALSE
	EndGlobalSection
EndGlobal
